{
  "requires": true,
  "lockfileVersion": 1,
  "dependencies": {
    "cocoapods": {
      "version": "0.0.0",
      "resolved": "https://registry.npmjs.org/cocoapods/-/cocoapods-0.0.0.tgz",
      "integrity": "sha512-nsdKucT3oTSvS5s+W3/uxSn57+0e2LxMo2XcTsHwDCdYHB+T21haL11AkioVBACloAMQr00EDBZ//2DnynD9SQ=="
    }
  }
}
